// !$*UTF8*$!
{
	archiveVersion = 1;
	classes = {
	};
	objectVersion = 46;
	objects = {

/* Begin PBXBuildFile section */
		C935D0291B9AC16400D8E9AC /* AppDelegate.swift in Sources */ = {isa = PBXBuildFile; fileRef = C935D0281B9AC16400D8E9AC /* AppDelegate.swift */; };
		C935D02B1B9AC16400D8E9AC /* Images.xcassets in Resources */ = {isa = PBXBuildFile; fileRef = C935D02A1B9AC16400D8E9AC /* Images.xcassets */; };
		C935D02E1B9AC16400D8E9AC /* MainMenu.xib in Resources */ = {isa = PBXBuildFile; fileRef = C935D02C1B9AC16400D8E9AC /* MainMenu.xib */; };
		C935D03A1B9AC16400D8E9AC /* asdfghjklTests.swift in Sources */ = {isa = PBXBuildFile; fileRef = C935D0391B9AC16400D8E9AC /* asdfghjklTests.swift */; };
/* End PBXBuildFile section */

/* Begin PBXContainerItemProxy section */
		C935D0341B9AC16400D8E9AC /* PBXContainerItemProxy */ = {
			isa = PBXContainerItemProxy;
			containerPortal = C935D01B1B9AC16400D8E9AC /* Project object */;
			proxyType = 1;
			remoteGlobalIDString = C935D0221B9AC16400D8E9AC;
			remoteInfo = asdfghjkl;
		};
/* End PBXContainerItemProxy section */

/* Begin PBXFileReference section */
		C935D0231B9AC16400D8E9AC /* asdfghjkl.app */ = {isa = PBXFileReference; explicitFileType = wrapper.application; includeInIndex = 0; path = asdfghjkl.app; sourceTree = BUILT_PRODUCTS_DIR; };
		C935D0271B9AC16400D8E9AC /* Info.plist */ = {isa = PBXFileReference; lastKnownFileType = text.plist.xml; path = Info.plist; sourceTree = "<group>"; };
		C935D0281B9AC16400D8E9AC /* AppDelegate.swift */ = {isa = PBXFileReference; lastKnownFileType = sourcecode.swift; path = AppDelegate.swift; sourceTree = "<group>"; };
		C935D02A1B9AC16400D8E9AC /* Images.xcassets */ = {isa = PBXFileReference; lastKnownFileType = folder.assetcatalog; path = Images.xcassets; sourceTree = "<group>"; };
		C935D02D1B9AC16400D8E9AC /* Base */ = {isa = PBXFileReference; lastKnownFileType = file.xib; name = Base; path = Base.lproj/MainMenu.xib; sourceTree = "<group>"; };
		C935D0331B9AC16400D8E9AC /* asdfghjklTests.xctest */ = {isa = PBXFileReference; explicitFileType = wrapper.cfbundle; includeInIndex = 0; path = asdfghjklTests.xctest; sourceTree = BUILT_PRODUCTS_DIR; };
		C935D0381B9AC16400D8E9AC /* Info.plist */ = {isa = PBXFileReference; lastKnownFileType = text.plist.xml; path = Info.plist; sourceTree = "<group>"; };
		C935D0391B9AC16400D8E9AC /* asdfghjklTests.swift */ = {isa = PBXFileReference; lastKnownFileType = sourcecode.swift; path = asdfghjklTests.swift; sourceTree = "<group>"; };
/* End PBXFileReference section */

/* Begin PBXFrameworksBuildPhase section */
		C935D0201B9AC16400D8E9AC /* Frameworks */ = {
			isa = PBXFrameworksBuildPhase;
			buildActionMask = 2147483647;
			files = (
			);
			runOnlyForDeploymentPostprocessing = 0;
		};
		C935D0301B9AC16400D8E9AC /* Frameworks */ = {
			isa = PBXFrameworksBuildPhase;
			buildActionMask = 2147483647;
			files = (
			);
			runOnlyForDeploymentPostprocessing = 0;
		};
/* End PBXFrameworksBuildPhase section */

/* Begin PBXGroup section */
		C935D01A1B9AC16400D8E9AC = {
			isa = PBXGroup;
			children = (
				C935D0251B9AC16400D8E9AC /* asdfghjkl */,
				C935D0361B9AC16400D8E9AC /* asdfghjklTests */,
				C935D0241B9AC16400D8E9AC /* Products */,
			);
			sourceTree = "<group>";
		};
		C935D0241B9AC16400D8E9AC /* Products */ = {
			isa = PBXGroup;
			children = (
				C935D0231B9AC16400D8E9AC /* asdfghjkl.app */,
				C935D0331B9AC16400D8E9AC /* asdfghjklTests.xctest */,
			);
			name = Products;
			sourceTree = "<group>";
		};
		C935D0251B9AC16400D8E9AC /* asdfghjkl */ = {
			isa = PBXGroup;
			children = (
				C935D0281B9AC16400D8E9AC /* AppDelegate.swift */,
				C935D02A1B9AC16400D8E9AC /* Images.xcassets */,
				C935D02C1B9AC16400D8E9AC /* MainMenu.xib */,
				C935D0261B9AC16400D8E9AC /* Supporting Files */,
			);
			path = asdfghjkl;
			sourceTree = "<group>";
		};
		C935D0261B9AC16400D8E9AC /* Supporting Files */ = {
			isa = PBXGroup;
			children = (
				C935D0271B9AC16400D8E9AC /* Info.plist */,
			);
			name = "Supporting Files";
			sourceTree = "<group>";
		};
		C935D0361B9AC16400D8E9AC /* asdfghjklTests */ = {
			isa = PBXGroup;
			children = (
				C935D0391B9AC16400D8E9AC /* asdfghjklTests.swift */,
				C935D0371B9AC16400D8E9AC /* Supporting Files */,
			);
			path = asdfghjklTests;
			sourceTree = "<group>";
		};
		C935D0371B9AC16400D8E9AC /* Supporting Files */ = {
			isa = PBXGroup;
			children = (
				C935D0381B9AC16400D8E9AC /* Info.plist */,
			);
			name = "Supporting Files";
			sourceTree = "<group>";
		};
/* End PBXGroup section */

/* Begin PBXNativeTarget section */
		C935D0221B9AC16400D8E9AC /* asdfghjkl */ = {
			isa = PBXNativeTarget;
			buildConfigurationList = C935D03D1B9AC16400D8E9AC /* Build configuration list for PBXNativeTarget "asdfghjkl" */;
			buildPhases = (
				C935D01F1B9AC16400D8E9AC /* Sources */,
				C935D0201B9AC16400D8E9AC /* Frameworks */,
				C935D0211B9AC16400D8E9AC /* Resources */,
			);
			buildRules = (
			);
			dependencies = (
			);
			name = asdfghjkl;
			productName = asdfghjkl;
			productReference = C935D0231B9AC16400D8E9AC /* asdfghjkl.app */;
			productType = "com.apple.product-type.application";
		};
		C935D0321B9AC16400D8E9AC /* asdfghjklTests */ = {
			isa = PBXNativeTarget;
			buildConfigurationList = C935D0401B9AC16400D8E9AC /* Build configuration list for PBXNativeTarget "asdfghjklTests" */;
			buildPhases = (
				C935D02F1B9AC16400D8E9AC /* Sources */,
				C935D0301B9AC16400D8E9AC /* Frameworks */,
				C935D0311B9AC16400D8E9AC /* Resources */,
			);
			buildRules = (
			);
			dependencies = (
				C935D0351B9AC16400D8E9AC /* PBXTargetDependency */,
			);
			name = asdfghjklTests;
			productName = asdfghjklTests;
			productReference = C935D0331B9AC16400D8E9AC /* asdfghjklTests.xctest */;
			productType = "com.apple.product-type.bundle.unit-test";
		};
/* End PBXNativeTarget section */

/* Begin PBXProject section */
		C935D01B1B9AC16400D8E9AC /* Project object */ = {
			isa = PBXProject;
			attributes = {
				LastUpgradeCheck = 0640;
				ORGANIZATIONNAME = mattc;
				TargetAttributes = {
					C935D0221B9AC16400D8E9AC = {
						CreatedOnToolsVersion = 6.4;
					};
					C935D0321B9AC16400D8E9AC = {
						CreatedOnToolsVersion = 6.4;
						TestTargetID = C935D0221B9AC16400D8E9AC;
					};
				};
			};
			buildConfigurationList = C935D01E1B9AC16400D8E9AC /* Build configuration list for PBXProject "asdfghjkl" */;
			compatibilityVersion = "Xcode 3.2";
			developmentRegion = English;
			hasScannedForEncodings = 0;
			knownRegions = (
				en,
				Base,
			);
			mainGroup = C935D01A1B9AC16400D8E9AC;
			productRefGroup = C935D0241B9AC16400D8E9AC /* Products */;
			projectDirPath = "";
			projectRoot = "";
			targets = (
				C935D0221B9AC16400D8E9AC /* asdfghjkl */,
				C935D0321B9AC16400D8E9AC /* asdfghjklTests */,
			);
		};
/* End PBXProject section */

/* Begin PBXResourcesBuildPhase section */
		C935D0211B9AC16400D8E9AC /* Resources */ = {
			isa = PBXResourcesBuildPhase;
			buildActionMask = 2147483647;
			files = (
				C935D02B1B9AC16400D8E9AC /* Images.xcassets in Resources */,
				C935D02E1B9AC16400D8E9AC /* MainMenu.xib in Resources */,
			);
			runOnlyForDeploymentPostprocessing = 0;
		};
		C935D0311B9AC16400D8E9AC /* Resources */ = {
			isa = PBXResourcesBuildPhase;
			buildActionMask = 2147483647;
			files = (
			);
			runOnlyForDeploymentPostprocessing = 0;
		};
/* End PBXResourcesBuildPhase section */

/* Begin PBXSourcesBuildPhase section */
		C935D01F1B9AC16400D8E9AC /* Sources */ = {
			isa = PBXSourcesBuildPhase;
			buildActionMask = 2147483647;
			files = (
				C935D0291B9AC16400D8E9AC /* AppDelegate.swift in Sources */,
			);
			runOnlyForDeploymentPostprocessing = 0;
		};
		C935D02F1B9AC16400D8E9AC /* Sources */ = {
			isa = PBXSourcesBuildPhase;
			buildActionMask = 2147483647;
			files = (
				C935D03A1B9AC16400D8E9AC /* asdfghjklTests.swift in Sources */,
			);
			runOnlyForDeploymentPostprocessing = 0;
		};
/* End PBXSourcesBuildPhase section */

/* Begin PBXTargetDependency section */
		C935D0351B9AC16400D8E9AC /* PBXTargetDependency */ = {
			isa = PBXTargetDependency;
			target = C935D0221B9AC16400D8E9AC /* asdfghjkl */;
			targetProxy = C935D0341B9AC16400D8E9AC /* PBXContainerItemProxy */;
		};
/* End PBXTargetDependency section */

/* Begin PBXVariantGroup section */
		C935D02C1B9AC16400D8E9AC /* MainMenu.xib */ = {
			isa = PBXVariantGroup;
			children = (
				C935D02D1B9AC16400D8E9AC /* Base */,
			);
			name = MainMenu.xib;
			sourceTree = "<group>";
		};
/* End PBXVariantGroup section */

/* Begin XCBuildConfiguration section */
		C935D03B1B9AC16400D8E9AC /* Debug */ = {
			isa = XCBuildConfiguration;
			buildSettings = {
				ALWAYS_SEARCH_USER_PATHS = NO;
				CLANG_CXX_LANGUAGE_STANDARD = "gnu++0x";
				CLANG_CXX_LIBRARY = "libc++";
				CLANG_ENABLE_MODULES = YES;
				CLANG_ENABLE_OBJC_ARC = YES;
				CLANG_WARN_BOOL_CONVERSION = YES;
				CLANG_WARN_CONSTANT_CONVERSION = YES;
				CLANG_WARN_DIRECT_OBJC_ISA_USAGE = YES_ERROR;
				CLANG_WARN_EMPTY_BODY = YES;
				CLANG_WARN_ENUM_CONVERSION = YES;
				CLANG_WARN_INT_CONVERSION = YES;
				CLANG_WARN_OBJC_ROOT_CLASS = YES_ERROR;
				CLANG_WARN_UNREACHABLE_CODE = YES;
				CLANG_WARN__DUPLICATE_METHOD_MATCH = YES;
				CODE_SIGN_IDENTITY = "-";
				COPY_PHASE_STRIP = NO;
				DEBUG_INFORMATION_FORMAT = dwarf;
				ENABLE_STRICT_OBJC_MSGSEND = YES;
				GCC_C_LANGUAGE_STANDARD = gnu99;
				GCC_DYNAMIC_NO_PIC = NO;
				GCC_NO_COMMON_BLOCKS = YES;
				GCC_OPTIMIZATION_LEVEL = 0;
				GCC_PREPROCESSOR_DEFINITIONS = (
					"DEBUG=1",
					"$(inherited)",
				);
				GCC_SYMBOLS_PRIVATE_EXTERN = NO;
				GCC_WARN_64_TO_32_BIT_CONVERSION = YES;
				GCC_WARN_ABOUT_RETURN_TYPE = YES_ERROR;
				GCC_WARN_UNDECLARED_SELECTOR = YES;
				GCC_WARN_UNINITIALIZED_AUTOS = YES_AGGRESSIVE;
				GCC_WARN_UNUSED_FUNCTION = YES;
				GCC_WARN_UNUSED_VARIABLE = YES;
				MACOSX_DEPLOYMENT_TARGET = 10.10;
				MTL_ENABLE_DEBUG_INFO = YES;
				ONLY_ACTIVE_ARCH = YES;
				SDKROOT = macosx;
				SWIFT_OPTIMIZATION_LEVEL = "-Onone";
			};
			name = Debug;
		};
		C935D03C1B9AC16400D8E9AC /* Release */ = {
			isa = XCBuildConfiguration;
			buildSettings = {
				ALWAYS_SEARCH_USER_PATHS = NO;
				CLANG_CXX_LANGUAGE_STANDARD = "gnu++0x";
				CLANG_CXX_LIBRARY = "libc++";
				CLANG_ENABLE_MODULES = YES;
				CLANG_ENABLE_OBJC_ARC = YES;
				CLANG_WARN_BOOL_CONVERSION = YES;
				CLANG_WARN_CONSTANT_CONVERSION = YES;
				CLANG_WARN_DIRECT_OBJC_ISA_USAGE = YES_ERROR;
				CLANG_WARN_EMPTY_BODY = YES;
				CLANG_WARN_ENUM_CONVERSION = YES;
				CLANG_WARN_INT_CONVERSION = YES;
				CLANG_WARN_OBJC_ROOT_CLASS = YES_ERROR;
				CLANG_WARN_UNREACHABLE_CODE = YES;
				CLANG_WARN__DUPLICATE_METHOD_MATCH = YES;
				CODE_SIGN_IDENTITY = "-";
				COPY_PHASE_STRIP = NO;
				DEBUG_INFORMATION_FORMAT = "dwarf-with-dsym";
				ENABLE_NS_ASSERTIONS = NO;
				ENABLE_STRICT_OBJC_MSGSEND = YES;
				GCC_C_LANGUAGE_STANDARD = gnu99;
				GCC_NO_COMMON_BLOCKS = YES;
				GCC_WARN_64_TO_32_BIT_CONVERSION = YES;
				GCC_WARN_ABOUT_RETURN_TYPE = YES_ERROR;
				GCC_WARN_UNDECLARED_SELECTOR = YES;
				GCC_WARN_UNINITIALIZED_AUTOS = YES_AGGRESSIVE;
				GCC_WARN_UNUSED_FUNCTION = YES;
				GCC_WARN_UNUSED_VARIABLE = YES;
				MACOSX_DEPLOYMENT_TARGET = 10.10;
				MTL_ENABLE_DEBUG_INFO = NO;
				SDKROOT = macosx;
			};
			name = Release;
		};
		C935D03E1B9AC16400D8E9AC /* Debug */ = {
			isa = XCBuildConfiguration;
			buildSettings = {
				ASSETCATALOG_COMPILER_APPICON_NAME = AppIcon;
				COMBINE_HIDPI_IMAGES = YES;
				INFOPLIST_FILE = asdfghjkl/Info.plist;
				LD_RUNPATH_SEARCH_PATHS = "$(inherited) @executable_path/../Frameworks";
				PRODUCT_NAME = "$(TARGET_NAME)";
			};
			name = Debug;
		};
		C935D03F1B9AC16400D8E9AC /* Release */ = {
			isa = XCBuildConfiguration;
			buildSettings = {
				ASSETCATALOG_COMPILER_APPICON_NAME = AppIcon;
				COMBINE_HIDPI_IMAGES = YES;
				INFOPLIST_FILE = asdfghjkl/Info.plist;
				LD_RUNPATH_SEARCH_PATHS = "$(inherited) @executable_path/../Frameworks";
				PRODUCT_NAME = "$(TARGET_NAME)";
			};
			name = Release;
		};
		C935D0411B9AC16400D8E9AC /* Debug */ = {
			isa = XCBuildConfiguration;
			buildSettings = {
				BUNDLE_LOADER = "$(TEST_HOST)";
				COMBINE_HIDPI_IMAGES = YES;
				FRAMEWORK_SEARCH_PATHS = (
					"$(DEVELOPER_FRAMEWORKS_DIR)",
					"$(inherited)",
				);
				GCC_PREPROCESSOR_DEFINITIONS = (
					"DEBUG=1",
					"$(inherited)",
				);
				INFOPLIST_FILE = asdfghjklTests/Info.plist;
				LD_RUNPATH_SEARCH_PATHS = "$(inherited) @executable_path/../Frameworks @loader_path/../Frameworks";
				PRODUCT_NAME = "$(TARGET_NAME)";
				TEST_HOST = "$(BUILT_PRODUCTS_DIR)/asdfghjkl.app/Contents/MacOS/asdfghjkl";
			};
			name = Debug;
		};
		C935D0421B9AC16400D8E9AC /* Release */ = {
			isa = XCBuildConfiguration;
			buildSettings = {
				BUNDLE_LOADER = "$(TEST_HOST)";
				COMBINE_HIDPI_IMAGES = YES;
				FRAMEWORK_SEARCH_PATHS = (
					"$(DEVELOPER_FRAMEWORKS_DIR)",
					"$(inherited)",
				);
				INFOPLIST_FILE = asdfghjklTests/Info.plist;
				LD_RUNPATH_SEARCH_PATHS = "$(inherited) @executable_path/../Frameworks @loader_path/../Frameworks";
				PRODUCT_NAME = "$(TARGET_NAME)";
				TEST_HOST = "$(BUILT_PRODUCTS_DIR)/asdfghjkl.app/Contents/MacOS/asdfghjkl";
			};
			name = Release;
		};
/* End XCBuildConfiguration section */

/* Begin XCConfigurationList section */
		C935D01E1B9AC16400D8E9AC /* Build configuration list for PBXProject "asdfghjkl" */ = {
			isa = XCConfigurationList;
			buildConfigurations = (
				C935D03B1B9AC16400D8E9AC /* Debug */,
				C935D03C1B9AC16400D8E9AC /* Release */,
			);
			defaultConfigurationIsVisible = 0;
			defaultConfigurationName = Release;
		};
		C935D03D1B9AC16400D8E9AC /* Build configuration list for PBXNativeTarget "asdfghjkl" */ = {
			isa = XCConfigurationList;
			buildConfigurations = (
				C935D03E1B9AC16400D8E9AC /* Debug */,
				C935D03F1B9AC16400D8E9AC /* Release */,
			);
			defaultConfigurationIsVisible = 0;
		};
		C935D0401B9AC16400D8E9AC /* Build configuration list for PBXNativeTarget "asdfghjklTests" */ = {
			isa = XCConfigurationList;
			buildConfigurations = (
				C935D0411B9AC16400D8E9AC /* Debug */,
				C935D0421B9AC16400D8E9AC /* Release */,
			);
			defaultConfigurationIsVisible = 0;
		};
/* End XCConfigurationList section */
	};
	rootObject = C935D01B1B9AC16400D8E9AC /* Project object */;
}
